{
  "name": "beginning-elm",
  "version": "1.0.0",
  "lockfileVersion": 2,
  "requires": true,
  "packages": {
    "": {
      "version": "1.0.0",
      "license": "MIT",
      "dependencies": {
        "@github/image-crop-element": "^4.1.0"
      }
    },
    "node_modules/@github/image-crop-element": {
      "version": "4.1.0",
      "resolved": "https://registry.npmjs.org/@github/image-crop-element/-/image-crop-element-4.1.0.tgz",
      "integrity": "sha512-vO8EdxoHFN/85bl/7xdTTUiUJXHJWCWTWffHoJb144pjaepgPHJIyM8c9iIj0uesWoq7VJiMpAGSDHQPt/paLQ=="
    }
  },
  "dependencies": {
    "@github/image-crop-element": {
      "version": "4.1.0",
      "resolved": "https://registry.npmjs.org/@github/image-crop-element/-/image-crop-element-4.1.0.tgz",
      "integrity": "sha512-vO8EdxoHFN/85bl/7xdTTUiUJXHJWCWTWffHoJb144pjaepgPHJIyM8c9iIj0uesWoq7VJiMpAGSDHQPt/paLQ=="
    }
  }
}
